{
  "name": "everleaf-web-cms",
  "version": "1.0.0",
  "lockfileVersion": 3,
  "requires": true,
  "packages": {
    "": {
      "name": "everleaf-web-cms",
      "version": "1.0.0",
      "dependencies": {
        "bcryptjs": "^2.4.3",
        "better-sqlite3": "^12.4.1",
        "compression": "^1.7.5",
        "dotenv": "^16.4.7",
        "ejs": "^3.1.10",
        "express": "^5.1.0",
        "express-rate-limit": "^7.5.0",
        "express-session": "^1.18.1",
        "helmet": "^8.0.0",
        "mysql2": "^3.12.0",
        "qs": "^6.16.0",
        "stripe": "^22.6.0",
        "zod": "^3.24.1"
      },
      "engines": {
        "node": ">=20"
      }
    },
    "node_modules/@types/node": {
      "version": "26.4.0",
      "resolved": "https://registry.npmjs.org/@types/node/-/node-26.4.0.tgz",
      "integrity": "sha512-faiGnoIrLH/V8cibOMEAZ8pMw6oXqSukl29ra4mN8GdaB2ZewzeaLj+INpV5N+Z1eKWzY+IzaIZH2EIR6YZRNQ==",
      "license": "MIT",
      "peer": true,
      "dependencies": {
        "undici-types": "~8.3.0"
      }
    },
    "node_modules/accepts": {
      "version": "2.0.0",
      "resolved": "https://registry.npmjs.org/accepts/-/accepts-2.0.0.tgz",
      "integrity": "sha512-5cvg6CtKwfgdmVqY1WIiXKc3Q1bkRqGLi+2W/6ao+6Y7gu/RCwRuAhGEzh5B4KlszSuTLgZYuqFqo5bImjNKng==",
      "license": "MIT",
      "dependencies": {
        "mime-types": "^3.0.0",
        "negotiator": "^1.0.0"
      },
      "engines": {
        "node": ">= 0.6"
      }
    },
    "node_modules/accepts/node_modules/content-type": {
      "version": "2.1.0",
      "resolved": "https://registry.npmjs.org/content-type/-/content-type-2.1.0.tgz",
      "integrity": "sha512-mj7UPXE0jaqaOsukNZRUEfEi2AcL7C/vwmwcHV0O97eO1E1pxBZuyjlZrx5seTaNBg1U6+o35wpa35Qfcc+7ag==",
      "license": "MIT",
      "engines": {
        "node": ">=18"
      },
      "funding": {
        "type": "opencollective",
        "url": "https://opencollective.com/express"
      }
    },
    "node_modules/accepts/node_modules/negotiator": {
      "version": "1.1.0",
      "resolved": "https://registry.npmjs.org/negotiator/-/negotiator-1.1.0.tgz",
      "integrity": "sha512-NMPBRMJgiQHjbd8phG3Vebdx4kZ1H121rbl5IkMqeOsahptB9BKo/d7oJ3zTXqTgagn2bWqQaPwIlISEJhYU5Pw==",
      "license": "MIT",
      "dependencies": {
        "content-type": "^2.1.0"
      },
      "engines": {
        "node": ">=18"
      },
      "funding": {
        "type": "opencollective",
        "url": "https://github.com/sponsors/express"
      }
    }
  }
}
